// !$*UTF8*$!
{
	archiveVersion = 1;
	classes = {
	};
	objectVersion = 46;
	objects = {

/* Begin PBXBuildFile section */
		71F6F68B1C0EAE0300C98266 /* main.m in Sources */ = {isa = PBXBuildFile; fileRef = 71F6F68A1C0EAE0300C98266 /* main.m */; };
		71F6F6931C0EAFA000C98266 /* Fraction.m in Sources */ = {isa = PBXBuildFile; fileRef = 71F6F6921C0EAFA000C98266 /* Fraction.m */; };
/* End PBXBuildFile section */

/* Begin PBXCopyFilesBuildPhase section */
		71F6F6851C0EAE0300C98266 /* CopyFiles */ = {
			isa = PBXCopyFilesBuildPhase;
			buildActionMask = 2147483647;
			dstPath = /usr/share/man/man1/;
			dstSubfolderSpec = 0;
			files = (
			);
			runOnlyForDeploymentPostprocessing = 1;
		};
/* End PBXCopyFilesBuildPhase section */

/* Begin PBXFileReference section */
		71F6F6871C0EAE0300C98266 /* interface_test */ = {isa = PBXFileReference; explicitFileType = "compiled.mach-o.executable"; includeInIndex = 0; path = interface_test; sourceTree = BUILT_PRODUCTS_DIR; };
		71F6F68A1C0EAE0300C98266 /* main.m */ = {isa = PBXFileReference; lastKnownFileType = sourcecode.c.objc; path = main.m; sourceTree = "<group>"; };
		71F6F6911C0EAF1A00C98266 /* Fraction.h */ = {isa = PBXFileReference; lastKnownFileType = sourcecode.c.h; path = Fraction.h; sourceTree = "<group>"; };
		71F6F6921C0EAFA000C98266 /* Fraction.m */ = {isa = PBXFileReference; fileEncoding = 4; lastKnownFileType = sourcecode.c.objc; path = Fraction.m; sourceTree = "<group>"; };
/* End PBXFileReference section */

/* Begin PBXFrameworksBuildPhase section */
		71F6F6841C0EAE0300C98266 /* Frameworks */ = {
			isa = PBXFrameworksBuildPhase;
			buildActionMask = 2147483647;
			files = (
			);
			runOnlyForDeploymentPostprocessing = 0;
		};
/* End PBXFrameworksBuildPhase section */

/* Begin PBXGroup section */
		71F6F67E1C0EAE0300C98266 = {
			isa = PBXGroup;
			children = (
				71F6F6891C0EAE0300C98266 /* interface_test */,
				71F6F6881C0EAE0300C98266 /* Products */,
			);
			sourceTree = "<group>";
		};
		71F6F6881C0EAE0300C98266 /* Products */ = {
			isa = PBXGroup;
			children = (
				71F6F6871C0EAE0300C98266 /* interface_test */,
			);
			name = Products;
			sourceTree = "<group>";
		};
		71F6F6891C0EAE0300C98266 /* interface_test */ = {
			isa = PBXGroup;
			children = (
				71F6F68A1C0EAE0300C98266 /* main.m */,
				71F6F6921C0EAFA000C98266 /* Fraction.m */,
				71F6F6911C0EAF1A00C98266 /* Fraction.h */,
			);
			path = interface_test;
			sourceTree = "<group>";
		};
/* End PBXGroup section */

/* Begin PBXNativeTarget section */
		71F6F6861C0EAE0300C98266 /* interface_test */ = {
			isa = PBXNativeTarget;
			buildConfigurationList = 71F6F68E1C0EAE0300C98266 /* Build configuration list for PBXNativeTarget "interface_test" */;
			buildPhases = (
				71F6F6831C0EAE0300C98266 /* Sources */,
				71F6F6841C0EAE0300C98266 /* Frameworks */,
				71F6F6851C0EAE0300C98266 /* CopyFiles */,
			);
			buildRules = (
			);
			dependencies = (
			);
			name = interface_test;
			productName = interface_test;
			productReference = 71F6F6871C0EAE0300C98266 /* interface_test */;
			productType = "com.apple.product-type.tool";
		};
/* End PBXNativeTarget section */

/* Begin PBXProject section */
		71F6F67F1C0EAE0300C98266 /* Project object */ = {
			isa = PBXProject;
			attributes = {
				LastUpgradeCheck = 0710;
				ORGANIZATIONNAME = nichola;
				TargetAttributes = {
					71F6F6861C0EAE0300C98266 = {
						CreatedOnToolsVersion = 7.1.1;
					};
				};
			};
			buildConfigurationList = 71F6F6821C0EAE0300C98266 /* Build configuration list for PBXProject "interface_test" */;
			compatibilityVersion = "Xcode 3.2";
			developmentRegion = English;
			hasScannedForEncodings = 0;
			knownRegions = (
				en,
			);
			mainGroup = 71F6F67E1C0EAE0300C98266;
			productRefGroup = 71F6F6881C0EAE0300C98266 /* Products */;
			projectDirPath = "";
			projectRoot = "";
			targets = (
				71F6F6861C0EAE0300C98266 /* interface_test */,
			);
		};
/* End PBXProject section */

/* Begin PBXSourcesBuildPhase section */
		71F6F6831C0EAE0300C98266 /* Sources */ = {
			isa = PBXSourcesBuildPhase;
			buildActionMask = 2147483647;
			files = (
				71F6F68B1C0EAE0300C98266 /* main.m in Sources */,
				71F6F6931C0EAFA000C98266 /* Fraction.m in Sources */,
			);
			runOnlyForDeploymentPostprocessing = 0;
		};
/* End PBXSourcesBuildPhase section */

/* Begin XCBuildConfiguration section */
		71F6F68C1C0EAE0300C98266 /* Debug */ = {
			isa = XCBuildConfiguration;
			buildSettings = {
				ALWAYS_SEARCH_USER_PATHS = NO;
				CLANG_CXX_LANGUAGE_STANDARD = "gnu++0x";
				CLANG_CXX_LIBRARY = "libc++";
				CLANG_ENABLE_MODULES = YES;
				CLANG_ENABLE_OBJC_ARC = YES;
				CLANG_WARN_BOOL_CONVERSION = YES;
				CLANG_WARN_CONSTANT_CONVERSION = YES;
				CLANG_WARN_DIRECT_OBJC_ISA_USAGE = YES_ERROR;
				CLANG_WARN_EMPTY_BODY = YES;
				CLANG_WARN_ENUM_CONVERSION = YES;
				CLANG_WARN_INT_CONVERSION = YES;
				CLANG_WARN_OBJC_ROOT_CLASS = YES_ERROR;
				CLANG_WARN_UNREACHABLE_CODE = YES;
				CLANG_WARN__DUPLICATE_METHOD_MATCH = YES;
				CODE_SIGN_IDENTITY = "-";
				COPY_PHASE_STRIP = NO;
				DEBUG_INFORMATION_FORMAT = dwarf;
				ENABLE_STRICT_OBJC_MSGSEND = YES;
				ENABLE_TESTABILITY = YES;
				GCC_C_LANGUAGE_STANDARD = gnu99;
				GCC_DYNAMIC_NO_PIC = NO;
				GCC_NO_COMMON_BLOCKS = YES;
				GCC_OPTIMIZATION_LEVEL = 0;
				GCC_PREPROCESSOR_DEFINITIONS = (
					"DEBUG=1",
					"$(inherited)",
				);
				GCC_WARN_64_TO_32_BIT_CONVERSION = YES;
				GCC_WARN_ABOUT_RETURN_TYPE = YES_ERROR;
				GCC_WARN_UNDECLARED_SELECTOR = YES;
				GCC_WARN_UNINITIALIZED_AUTOS = YES_AGGRESSIVE;
				GCC_WARN_UNUSED_FUNCTION = YES;
				GCC_WARN_UNUSED_VARIABLE = YES;
				MACOSX_DEPLOYMENT_TARGET = 10.10;
				MTL_ENABLE_DEBUG_INFO = YES;
				ONLY_ACTIVE_ARCH = YES;
				SDKROOT = macosx;
			};
			name = Debug;
		};
		71F6F68D1C0EAE0300C98266 /* Release */ = {
			isa = XCBuildConfiguration;
			buildSettings = {
				ALWAYS_SEARCH_USER_PATHS = NO;
				CLANG_CXX_LANGUAGE_STANDARD = "gnu++0x";
				CLANG_CXX_LIBRARY = "libc++";
				CLANG_ENABLE_MODULES = YES;
				CLANG_ENABLE_OBJC_ARC = YES;
				CLANG_WARN_BOOL_CONVERSION = YES;
				CLANG_WARN_CONSTANT_CONVERSION = YES;
				CLANG_WARN_DIRECT_OBJC_ISA_USAGE = YES_ERROR;
				CLANG_WARN_EMPTY_BODY = YES;
				CLANG_WARN_ENUM_CONVERSION = YES;
				CLANG_WARN_INT_CONVERSION = YES;
				CLANG_WARN_OBJC_ROOT_CLASS = YES_ERROR;
				CLANG_WARN_UNREACHABLE_CODE = YES;
				CLANG_WARN__DUPLICATE_METHOD_MATCH = YES;
				CODE_SIGN_IDENTITY = "-";
				COPY_PHASE_STRIP = NO;
				DEBUG_INFORMATION_FORMAT = "dwarf-with-dsym";
				ENABLE_NS_ASSERTIONS = NO;
				ENABLE_STRICT_OBJC_MSGSEND = YES;
				GCC_C_LANGUAGE_STANDARD = gnu99;
				GCC_NO_COMMON_BLOCKS = YES;
				GCC_WARN_64_TO_32_BIT_CONVERSION = YES;
				GCC_WARN_ABOUT_RETURN_TYPE = YES_ERROR;
				GCC_WARN_UNDECLARED_SELECTOR = YES;
				GCC_WARN_UNINITIALIZED_AUTOS = YES_AGGRESSIVE;
				GCC_WARN_UNUSED_FUNCTION = YES;
				GCC_WARN_UNUSED_VARIABLE = YES;
				MACOSX_DEPLOYMENT_TARGET = 10.10;
				MTL_ENABLE_DEBUG_INFO = NO;
				SDKROOT = macosx;
			};
			name = Release;
		};
		71F6F68F1C0EAE0300C98266 /* Debug */ = {
			isa = XCBuildConfiguration;
			buildSettings = {
				PRODUCT_NAME = "$(TARGET_NAME)";
			};
			name = Debug;
		};
		71F6F6901C0EAE0300C98266 /* Release */ = {
			isa = XCBuildConfiguration;
			buildSettings = {
				PRODUCT_NAME = "$(TARGET_NAME)";
			};
			name = Release;
		};
/* End XCBuildConfiguration section */

/* Begin XCConfigurationList section */
		71F6F6821C0EAE0300C98266 /* Build configuration list for PBXProject "interface_test" */ = {
			isa = XCConfigurationList;
			buildConfigurations = (
				71F6F68C1C0EAE0300C98266 /* Debug */,
				71F6F68D1C0EAE0300C98266 /* Release */,
			);
			defaultConfigurationIsVisible = 0;
			defaultConfigurationName = Release;
		};
		71F6F68E1C0EAE0300C98266 /* Build configuration list for PBXNativeTarget "interface_test" */ = {
			isa = XCConfigurationList;
			buildConfigurations = (
				71F6F68F1C0EAE0300C98266 /* Debug */,
				71F6F6901C0EAE0300C98266 /* Release */,
			);
			defaultConfigurationIsVisible = 0;
		};
/* End XCConfigurationList section */
	};
	rootObject = 71F6F67F1C0EAE0300C98266 /* Project object */;
}
